Microsoft Visual Studio Solution File, Format Version 12.00
# Visual Studio Version 17
VisualStudioVersion = 17.5.2.0
MinimumVisualStudioVersion = 10.0.40219.1
Project("{FAE04EC0-301F-11D3-BF4B-00C04F79EFBC}") = "adventures", "adventures.csproj", "{E681F6A2-BB49-8A37-2F3D-A9E4252C7192}"
EndProject
Global
	GlobalSection(SolutionConfigurationPlatforms) = preSolution
		Debug|Any CPU = Debug|Any CPU
		Release|Any CPU = Release|Any CPU
	EndGlobalSection
	GlobalSection(ProjectConfigurationPlatforms) = postSolution
		{E681F6A2-BB49-8A37-2F3D-A9E4252C7192}.Debug|Any CPU.ActiveCfg = Debug|Any CPU
		{E681F6A2-BB49-8A37-2F3D-A9E4252C7192}.Debug|Any CPU.Build.0 = Debug|Any CPU
		{E681F6A2-BB49-8A37-2F3D-A9E4252C7192}.Release|Any CPU.ActiveCfg = Release|Any CPU
		{E681F6A2-BB49-8A37-2F3D-A9E4252C7192}.Release|Any CPU.Build.0 = Release|Any CPU
	EndGlobalSection
	GlobalSection(SolutionProperties) = preSolution
		HideSolutionNode = FALSE
	EndGlobalSection
	GlobalSection(ExtensibilityGlobals) = postSolution
		SolutionGuid = {54EC8B61-4759-4984-8774-D4D640F2ABA6}
	EndGlobalSection
EndGlobal
